schema: '2.0'
stages:
  train_model:
    cmd: python src/train.py
    deps:
    - path: data/train/
      hash: md5
      md5: 152485dfe08d5306b8f559bbd596efb5.dir
      size: 15428711
      nfiles: 2367
    outs:
    - path: models/cnn_resnet18_freeze_backbone_False.pth
      hash: md5
      md5: 674b20a05d64690b6cc5f2baf06fcb29
      size: 44793800
